
Microsoft Visual Studio Solution File, Format Version 12.00
# Visual Studio 15
VisualStudioVersion = 15.0.28307.271
MinimumVisualStudioVersion = 10.0.40219.1
Project("{FAE04EC0-301F-11D3-BF4B-00C04F79EFBC}") = "PointOfSale", "PointOfSale\PointOfSale.csproj", "{763D851F-B79D-4E27-B2DC-A5706B94113A}"
EndProject
Project("{9A19103F-16F7-4668-BE54-9A1E7A4F7556}") = "PointOfSaleTests", "PointOfSaleTests\PointOfSaleTests.csproj", "{5815A7EB-5329-4D77-BF99-7BB0E26C12F7}"
EndProject
Global
	GlobalSection(SolutionConfigurationPlatforms) = preSolution
		Debug|Any CPU = Debug|Any CPU
		Release|Any CPU = Release|Any CPU
	EndGlobalSection
	GlobalSection(ProjectConfigurationPlatforms) = postSolution
		{763D851F-B79D-4E27-B2DC-A5706B94113A}.Debug|Any CPU.ActiveCfg = Debug|Any CPU
		{763D851F-B79D-4E27-B2DC-A5706B94113A}.Debug|Any CPU.Build.0 = Debug|Any CPU
		{763D851F-B79D-4E27-B2DC-A5706B94113A}.Release|Any CPU.ActiveCfg = Release|Any CPU
		{763D851F-B79D-4E27-B2DC-A5706B94113A}.Release|Any CPU.Build.0 = Release|Any CPU
		{5815A7EB-5329-4D77-BF99-7BB0E26C12F7}.Debug|Any CPU.ActiveCfg = Debug|Any CPU
		{5815A7EB-5329-4D77-BF99-7BB0E26C12F7}.Debug|Any CPU.Build.0 = Debug|Any CPU
		{5815A7EB-5329-4D77-BF99-7BB0E26C12F7}.Release|Any CPU.ActiveCfg = Release|Any CPU
		{5815A7EB-5329-4D77-BF99-7BB0E26C12F7}.Release|Any CPU.Build.0 = Release|Any CPU
	EndGlobalSection
	GlobalSection(SolutionProperties) = preSolution
		HideSolutionNode = FALSE
	EndGlobalSection
	GlobalSection(ExtensibilityGlobals) = postSolution
		SolutionGuid = {3B7599BD-F6CA-4B43-8FE4-0B302E5805C1}
	EndGlobalSection
EndGlobal
